lockfileVersion: '9.0'

settings:
  autoInstallPeers: true
  excludeLinksFromLockfile: false

importers:

  .:
    dependencies:
      '@hono/node-server':
        specifier: 2.1.1
        version: 2.1.1(hono@4.13.9)
      '@modelcontextprotocol/client':
        specifier: 2.0.0
        version: 2.0.0
      '@modelcontextprotocol/server':
        specifier: 2.0.0
        version: 2.0.0
      '@worldcoin/agentkit-core':
        specifier: 0.2.1
        version: 0.2.1
      cloudflared:
        specifier: 0.7.3
        version: 0.7.3
      hors-sdk:
        specifier: 0.1.0
        version: 0.1.0(@modelcontextprotocol/client@2.0.0)(@modelcontextprotocol/server@2.0.0)(@worldcoin/agentkit-core@0.2.1)(viem@2.56.3(zod@4.5.4))
      htmlparser2:
        specifier: 12.0.0
        version: 12.0.0
      mailauth:
        specifier: 5.0.3
        version: 5.0.3
      postal-mime:
        specifier: 3.0.1
        version: 3.0.1
      tldts:
        specifier: 7.4.15
        version: 7.4.15
      viem:
        specifier: 2.56.3
        version: 2.56.3(zod@4.5.4)
      zod:
        specifier: 4.5.4
        version: 4.5.4
    devDependencies:
      '@worldcoin/idkit-core':
        specifier: 4.3.0
        version: 4.3.0
      qrcode-terminal:
        specifier: 0.12.0
        version: 0.12.0

packages:

  '@adraffy/ens-normalize@1.11.1':
    resolution: {integrity: sha512-nhCBV3quEgesuf7c7KYfperqSS14T8bYuvJ8PcLJp6znkZpFc0AuW4qBtr8eKVyPPe/8RSr7sglCWPU5eaxwKQ==}

  '@hapi/address@5.1.1':
    resolution: {integrity: sha512-A+po2d/dVoY7cYajycYI43ZbYMXukuopIsqCjh5QzsBCipDtdofHntljDlpccMjIfTy6UOkg+5KPriwYch2bXA==}
    engines: {node: '>=14.0.0'}

  '@hapi/formula@3.0.2':
    resolution: {integrity: sha512-hY5YPNXzw1He7s0iqkRQi+uMGh383CGdyyIGYtB+W5N3KHPXoqychklvHhKCC9M3Xtv0OCs/IHw+r4dcHtBYWw==}

  '@hapi/hoek@11.0.7':
    resolution: {integrity: sha512-HV5undWkKzcB4RZUusqOpcgxOaq6VOAH7zhhIr2g3G8NF/MlFO75SjOr2NfuSx0Mh40+1FqCkagKLJRykUWoFQ==}

  '@hapi/pinpoint@2.0.1':
    resolution: {integrity: sha512-EKQmr16tM8s16vTT3cA5L0kZZcTMU5DUOZTuvpnY738m+jyP3JIUj+Mm1xc1rsLkGBQ/gVnfKYPwOmPg1tUR4Q==}

  '@hapi/tlds@1.1.7':
    resolution: {integrity: sha512-MgNjRwy9Ti92yVAixLmDc8dd1bJIKwO9qlWCfFQRwRmUEDPQHYn4G6hwPFvFGUTzAa0FsS+inMjLin7GnyBRhA==}
    engines: {node: '>=14.0.0'}

  '@hapi/topo@6.0.2':
    resolution: {integrity: sha512-KR3rD5inZbGMrHmgPxsJ9dbi6zEK+C3ZwUwTa+eMwWLz7oijWUTWD2pMSNNYJAU6Qq+65NkxXjqHr/7LM2Xkqg==}

  '@hono/node-server@2.1.1':
    resolution: {integrity: sha512-ELuehkj5VCBdgEw9zs+ivkKwyzzUCSQuE96YmiPvn1ECBoZCczbFXJLeEGMTYjphP6gydh4pHMqEYPVMYUVgQg==}
    engines: {node: '>=20'}
    peerDependencies:
      hono: ^4

  '@modelcontextprotocol/client@2.0.0':
    resolution: {integrity: sha512-8f1OghQ2rjzIOfqgUCP+8GiUWqRs89njoWLNqAe8kWmDePv3s1fZXseej+QXemssEuuOvLLmLO/kqM3IQHtISw==}
    engines: {node: '>=20'}

  '@modelcontextprotocol/core@2.0.0':
    resolution: {integrity: sha512-pJCEwGG7Lfr/+PQp9ZTwKXNeO5wzbfKL7H3MYpCorM4oFBoQrdjnBgEoqG+RjhsvS1FKrDbKux+M1HhlnGWqcA==}
    engines: {node: '>=20'}

  '@modelcontextprotocol/server@2.0.0':
    resolution: {integrity: sha512-YhHWdHfpFMQfd0prsEnxKeS3Qz3ytIGmsS0sth4KDjnacIT7hxk6hXHkJ9KysxlkvTM+WZAtQbbcUhdoP4Hvtw==}
    engines: {node: '>=20'}

  '@noble/ciphers@1.3.0':
    resolution: {integrity: sha512-2I0gnIVPtfnMw9ee9h1dJG7tp81+8Ob3OJb3Mv37rx5L40/b0i7djjCVvGOVqc9AEIQyvyu1i6ypKdFw8R8gQw==}
    engines: {node: ^14.21.3 || >=16}

  '@noble/curves@1.9.1':
    resolution: {integrity: sha512-k11yZxZg+t+gWvBbIswW0yoJlu8cHOC7dhunwOzoWH/mXGBiYyR4YY6hAEK/3EUs4UpB8la1RfdRpeGsFHkWsA==}
    engines: {node: ^14.21.3 || >=16}

  '@noble/curves@1.9.7':
    resolution: {integrity: sha512-gbKGcRUYIjA3/zCCNaWDciTMFI0dCkvou3TL8Zmy5Nc7sJ47a0jtOeZoTaMxkuqRo9cRhjOdZJXegxYE5FN/xw==}
    engines: {node: ^14.21.3 || >=16}

  '@noble/hashes@1.8.0':
    resolution: {integrity: sha512-jCs9ldd7NwzpgXDIf6P3+NrHh9/sD6CQdxHyjQI+h/6rDNo88ypBxxz45UDuZHz9r3tNz7N/VInSVoVdtXEI4A==}
    engines: {node: ^14.21.3 || >=16}

  '@noble/secp256k1@2.3.0':
    resolution: {integrity: sha512-0TQed2gcBbIrh7Ccyw+y/uZQvbJwm7Ao4scBUxqpBCcsOlZG0O4KGfjtNAy/li4W8n1xt3dxrwJ0beZ2h2G6Kw==}

  '@nodable/entities@3.0.0':
    resolution: {integrity: sha512-8L9xFeTYKhm49xfIypoe2W5wV1m/3Z58kT+7kR9A8OyFxcPduI4VmxaUMQyKYrRjUoLLSXv6EKKID5Tvj9cUVw==}

  '@peculiar/asn1-schema@2.8.0':
    resolution: {integrity: sha512-7YT0U/ze0tF2QOBbE15gKZwy5tvgGyLRiRHLzhlbOpf7BT032oBSd0haZqXn5W6l26WLlu3dyxzjM+2638/z2Q==}

  '@peculiar/asn1-x509-logotype@2.8.0':
    resolution: {integrity: sha512-79px79a3YB8OnzVh+hbUlJKNaWymsf+im26AsgHnOhZ1859qVR4P0C4JBq/52dF8LXzNfvioqIOew1Xg7l2nDA==}

  '@peculiar/asn1-x509@2.8.0':
    resolution: {integrity: sha512-N0CMuhWUzsWEVq6F1q9X6+VKUnWzSW+cSVg+aPaGGwDdbFoFWTYgin5MHwXgpWd6y9COMBxnfy/Qc+Xc7F0Zwg==}

  '@peculiar/utils@2.0.3':
    resolution: {integrity: sha512-+oL3HPFRIZ1St2K50lWCXiioIgSoxzz7R1J3uF6neO2yl1sgmpgY6XXJH4BdpoDkMWznQTeYF6oWNDZLCdQ4eQ==}

  '@postalsys/vmc@1.1.5':
    resolution: {integrity: sha512-WwleGWC51o/VWQFTId6xMiO9aqkIVCM7ODy6UWfzFoQ6UzXewsNrm3ANa4HbBcyYaTK6YPvp4Gt0U+1cXLTbzw==}

  '@scure/base@1.2.6':
    resolution: {integrity: sha512-g/nm5FgUa//MCj1gV09zTJTaM6KBAHqLN907YVQqf7zC49+DcO4B1so4ZX07Ef10Twr6nuqYEH9GEggFXA4Fmg==}

  '@scure/bip32@1.7.0':
    resolution: {integrity: sha512-E4FFX/N3f4B80AKWp5dP6ow+flD1LQZo/w8UnLGYZO674jS6YnYeepycOOksv+vLPSpgN35wgKgy+ybfTb2SMw==}

  '@scure/bip39@1.6.0':
    resolution: {integrity: sha512-+lF0BbLiJNwVlev4eKelw1WWLaiKXw7sSl8T6FvBlWkdX+94aGJ4o8XjUdlyhTCjd8c+B3KT3JfS8P0bLRNU6A==}

  '@standard-schema/spec@1.1.0':
    resolution: {integrity: sha512-l2aFy5jALhniG5HgqrD6jXLi/rUWrKvqN/qJx6yoJsgKhblVd+iqqU4RCXavm/jPityDo5TCvKMnpjKnOriy0w==}

  '@worldcoin/agentkit-core@0.2.1':
    resolution: {integrity: sha512-gfZf/GOP7DB8DVpXJZlYE58ZovrQrUezQ970NVd/oKu+XkwjY3CuLU3o304D4lrv5tdY4mqlhVroi6bELa3Meg==}

  '@worldcoin/idkit-core@4.3.0':
    resolution: {integrity: sha512-ZEcVhq1TLh7yUb/mkhhMqwKEQRN+ehVC1SQBx24K/5ILv4WuBP29OgleM29Glk/T+gAzeVfgjIh5kWPM28qwsA==}

  '@worldcoin/idkit-server@1.1.1':
    resolution: {integrity: sha512-iO4Kd3QBLzJak3BPz5eIzRjW0kT8Px5c3LbNzvCKMnczLvVSKoWqdvGiJlkK8Dp29KstNI62iv4ak0z8nzui/Q==}
    engines: {node: '>=18'}

  abitype@1.2.3:
    resolution: {integrity: sha512-Ofer5QUnuUdTFsBRwARMoWKOH1ND5ehwYhJ3OJ/BQO+StkwQjHw0XyVh4vDttzHB7QOFhPHa/o413PJ82gU/Tg==}
    peerDependencies:
      typescript: '>=5.0.4'
      zod: ^3.22.0 || ^4.0.0
    peerDependenciesMeta:
      typescript:
        optional: true
      zod:
        optional: true

  anynum@1.0.1:
    resolution: {integrity: sha512-N6//FLET/tXYNM/F6ABca1oH6fWB+KlTt909Le28WMDBk8oaT4vY17DCrwg2MvmuqUKt3Ni4N5dGJ/EoBgcO6A==}

  asn1js@3.0.10:
    resolution: {integrity: sha512-S2s3aOytiKdFRdulw2qPE51MzjzVOisppcVv7jVFR+Kw0kxwvFrDcYA0h7Ndqbmj0HkMIXYWaoj7fli8kgx1eg==}
    engines: {node: '>=12.0.0'}

  cloudflared@0.7.3:
    resolution: {integrity: sha512-dR4QMS4PbD287QqOV/vAoE1BcQCXphLOVrN9vjNUgkLrPDA5qxn9Dz0VId0P7/Czj4Mxu3hoLgbrVx5OtOWr5Q==}
    hasBin: true

  commander@15.0.0:
    resolution: {integrity: sha512-z67u4ZhzCL/Tydu1lJARtEZYWbWaN7oYLHbsuzocr6y4N6WZAagG3RQ4FW61V1/0+jImpj293XfrcYnd1qxtPg==}
    engines: {node: '>=22.12.0'}

  cross-spawn@7.0.6:
    resolution: {integrity: sha512-uV2QOWP2nWzsy2aMp8aRibhi9dlzF5Hgh5SHaB9OiTGEyDTiJJyx0uy51QXdyWbtAHNua4XJzUKca3OzKUd3vA==}
    engines: {node: '>= 8'}

  dom-serializer@3.1.1:
    resolution: {integrity: sha512-4MEa38/QexBob6gFNwu+EGdWvhJ1OKuNwdYY3Y3NyeWDQfnGeDYQUDfIRzWu5B5gsv03so2Uxd28YC6zrsx3Lw==}
    engines: {node: '>=20.19.0'}

  domelementtype@3.0.0:
    resolution: {integrity: sha512-umCQid3jKbDmVjx8jGaW7uUykm4DEUeyV21hPxNMo2nV955DhUThwqyOIDtreepP31hl84X7G5U9ZfsWvIB3Pg==}
    engines: {node: '>=20.19.0'}

  domhandler@6.0.1:
    resolution: {integrity: sha512-gYzvtM72ZtxQO0T048kd6HWSbbGCNOUwcnfQ01cqIJ4X2IYKFFHZ5mKvrQETcFXxsRObZulDaKmy//R7TPtsBg==}
    engines: {node: '>=20.19.0'}

  domutils@4.0.2:
    resolution: {integrity: sha512-qI4JLRKnSzqFqr7hAlS5xQDusBCjKSEG4t4+7aNrIQMHBcsC2TGEhuyABJdYkgSewL57PNLYEiibY2iPKhKpaA==}
    engines: {node: '>=20.19.0'}

  encoding-japanese@2.2.0:
    resolution: {integrity: sha512-EuJWwlHPZ1LbADuKTClvHtwbaFn4rOD+dRAbWysqEOXRc2Uui0hJInNJrsdH0c+OhJA4nrCBdSkW4DD5YxAo6A==}
    engines: {node: '>=8.10.0'}

  entities@8.1.0:
    resolution: {integrity: sha512-kxL7msIffSuh9aaFAMD7rxAIuTRMAHMeBtgHW2yUdWw732ZNh4MehkF2gdjvtdmikkaIP9bFDDJOPlsvm7avrA==}
    engines: {node: '>=20.19.0'}

  eventemitter3@5.0.1:
    resolution: {integrity: sha512-GWkBvjiSZK87ELrYOSESUYeVIc9mvLLf/nXalMOS5dYrgZq9o5OVkbZAVM06CVxYsCwH9BDZFPlQTlPA1j4ahA==}

  eventsource-parser@3.1.1:
    resolution: {integrity: sha512-EKN1vKAMcZ8MlYMpaNuxN6R9yakzH6uajHcHVTqWJzvu5pWw9DyhbP35HH8MVBQ+dZjAfDxk+A8NiR9KWaXiyQ==}
    engines: {node: '>=18.0.0'}

  eventsource@3.0.7:
    resolution: {integrity: sha512-CRT1WTyuQoD771GW56XEZFQ/ZoSfWid1alKGDYMmkt2yl8UXrVR4pspqWNEcqKvVIzg6PAltWjxcSSPrboA4iA==}
    engines: {node: '>=18.0.0'}

  fast-xml-builder@1.3.1:
    resolution: {integrity: sha512-pIM/1n3ntFXKYrUZwW7QCK0gAW7XY+wzj1YMIV3tLDvPj/V+zTGJK5e3/4WJfwj0qWw2ElNXiTixda/R+3YSug==}

  fast-xml-parser@5.10.1:
    resolution: {integrity: sha512-IEMIf7298kXuZSRFoGfMYrl7is8LpavODgbNz1cwIudv7KwVFnuU+UsMporfq6PD6aXSlawZlARiA3UywCTfMw==}
    hasBin: true

  hono@4.13.9:
    resolution: {integrity: sha512-7dMkQmZoC4E6F7AtaQSPhlWAdnBti+j7rreMZl8QB4jFiEhP9TWbGWUMi8WYzBCgmgulxuvLQupKqo+Co6Omyg==}
    engines: {node: '>=16.9.0'}

  hors-sdk@0.1.0:
    resolution: {integrity: sha512-JQ7XxIoXE2u0f5e/BSSdcyrhqpw1Lo0L73ITfzXSTAmJc8A9CwdgOIILCXN+69Lu4XsLoLNGZ1Za4sIr4KOZBg==}
    engines: {node: '>=22.18.0'}
    peerDependencies:
      '@modelcontextprotocol/client': ^2.0.0
      '@modelcontextprotocol/server': ^2.0.0
      '@worldcoin/agentkit-core': ^0.2.1
      viem: ^2.46.2
    peerDependenciesMeta:
      '@modelcontextprotocol/client':
        optional: true
      '@modelcontextprotocol/server':
        optional: true

  htmlparser2@12.0.0:
    resolution: {integrity: sha512-Tz7u1i95/g2x2jz81+x0FBVhBhY5aRTvD3tXXdFaljuNdzDLJ8UGNRrTcj2cgQvAg3iW/h77Fz15nLW0L0CrZw==}
    engines: {node: '>=20.19.0'}

  iconv-lite@0.7.3:
    resolution: {integrity: sha512-IKXpvIzjnC9XTAUbVBcMfGS0EPaIXtW6v+zr+RRp+hqULEpo0owZax6wyRwPOJbWbzjYspQwusTsfVr0ifh4uQ==}
    engines: {node: '>=0.10.0'}

  ipaddr.js@2.5.0:
    resolution: {integrity: sha512-aq+t5NAc+cS6rZQQVWC2x98CPqGtKKTMDd4Gaodv0wShnItdKg/51djkGJ1hqH+Oy0ivDftCbSLCQob8zso01w==}
    engines: {node: '>= 10'}

  is-unsafe@2.0.2:
    resolution: {integrity: sha512-HgbIHPBH0KHHCcjLfGsCvhtPTVxjaAZlXjwdz7/GQC40SjSe4sfQsar8J5VFo8JOSbarkpV0OLG95bbaNd9aAQ==}

  isexe@2.0.0:
    resolution: {integrity: sha512-RHxMLp9lnKHGHRng9QFhRCMbYAcVpn69smSGcq3f36xjgVVWThj4qqLbTLlq7Ssj8B+fIQ1EuCEGI2lKsyQeIw==}

  isows@1.0.7:
    resolution: {integrity: sha512-I1fSfDCZL5P0v33sVqeTDSpcstAg/N+wF5HS033mogOVIp4B+oHC7oOCsA3axAbBSGTJ8QubbNmnIRN/h8U7hg==}
    peerDependencies:
      ws: '*'

  joi@18.2.3:
    resolution: {integrity: sha512-N5A3KTWQpPWT4ExxxPlUx7WmykGXRzhNidWhV41d6Abu9YfI2NyWCJuxdPnslJCPWtbRpSVOWSnSS6GakLM/Rg==}
    engines: {node: '>= 20'}

  jose@6.2.12:
    resolution: {integrity: sha512-9NiFmJEex0sy2Dk58j2UGBSHgUs2ypF9eZSu4L6vjOX3Dp96Sw1F3uL+H+D1sx02jZZdzUT0HgvCy59CuvXcWw==}

  libbase64@1.3.0:
    resolution: {integrity: sha512-GgOXd0Eo6phYgh0DJtjQ2tO8dc0IVINtZJeARPeiIJqge+HdsWSuaDTe8ztQ7j/cONByDZ3zeB325AHiv5O0dg==}

  libmime@5.4.1:
    resolution: {integrity: sha512-0wHGhsofo9IdQPenr3BBHXuxcwMq4atFUTsZ9Ogc1OvI5h4rUdDIrBQEN9JHjCXfDMrE59LUMJWsTD82wTYk8A==}

  libqp@2.1.1:
    resolution: {integrity: sha512-0Wd+GPz1O134cP62YU2GTOPNA7Qgl09XwCqM5zpBv87ERCXdfDtyKXvV7c9U22yWJh44QZqBocFnXN11K96qow==}

  mailauth@5.0.3:
    resolution: {integrity: sha512-eAOpTwU2zKDCOusM6AIxl9ZZqkUWUoyoE+Ax3HzqdPs6R8xL/DqqbjpSFB14DUuBywKfrBLCa7qOE9++1V3h/Q==}
    engines: {node: '>=22.19.0'}
    hasBin: true

  nodemailer@9.0.4:
    resolution: {integrity: sha512-LmJNRVRtfSCULxcZpy0Cpg4WWenlUZ9+zbmTO+S7v9wD6XreYLjXRFtDjtV/4F0HT5p1GyZfA0Ux/myxHb18CQ==}
    engines: {node: '>=6.0.0'}

  ox@0.14.44:
    resolution: {integrity: sha512-O54qXXHEk4ySamMSyBpI0AeBegS5frxU6+LA6Jb9Sf6kMOxcTNaxYmwZfpOu22DIQsdKfgQxHq8EsAGaoBQScA==}
    peerDependencies:
      typescript: '>=5.4.0'
    peerDependenciesMeta:
      typescript:
        optional: true

  path-expression-matcher@1.6.2:
    resolution: {integrity: sha512-enSlaiat05iasnzmgNxRj8reFdj3puY2QpNgP1aPIaVfT6nn9ICuPoFlKHk8EN22HcwewshO+mN2DGbkCEOtqQ==}
    engines: {node: '>=14.0.0'}

  path-key@3.1.1:
    resolution: {integrity: sha512-ojmeN0qd+y0jszEtoY48r0Peq5dwMEkIlCOu6Q5f41lfkswXuKtYrhgoTpLnyIcHm24Uhqx+5Tqm2InSwLhE6Q==}
    engines: {node: '>=8'}

  pkce-challenge@5.0.1:
    resolution: {integrity: sha512-wQ0b/W4Fr01qtpHlqSqspcj3EhBvimsdh0KlHhH8HRZnMsEa0ea2fTULOXOS9ccQr3om+GcGRk4e+isrZWV8qQ==}
    engines: {node: '>=16.20.0'}

  postal-mime@3.0.1:
    resolution: {integrity: sha512-N86EnYOxZjW1uHQIgSXnnRdnJz+wxmtDsnk3C4R/9rQ1utj8A2znauXZ3Q3+stCHxG5ckY4/NrO09WiPU6rcdQ==}

  punycode.js@2.3.1:
    resolution: {integrity: sha512-uxFIHU0YlHYhDQtV4R9J6a52SLx28BCjT+4ieh7IGbgwVJWO+km431c4yRlREUAsAmt/uMjQUyQHNEPf0M39CA==}
    engines: {node: '>=6'}

  pvtsutils@1.3.6:
    resolution: {integrity: sha512-PLgQXQ6H2FWCaeRak8vvk1GW462lMxB5s3Jm673N82zI4vqtVUPuZdffdZbPDFRoU8kAhItWFtPCWiPpp4/EDg==}

  pvutils@1.2.0:
    resolution: {integrity: sha512-BbubeCEyTuQjVMakvJQ/Sxbc93F2pwmbsxONT/ZRrwU7Ua38d8unYTwXpTVLAKJ4BDuH9IGztCjQcd/N/39Dvg==}
    engines: {node: '>=16.0.0'}

  qrcode-terminal@0.12.0:
    resolution: {integrity: sha512-EXtzRZmC+YGmGlDFbXKxQiMZNwCLEO6BANKXG4iCtSIM0yqc/pappSx3RIKr4r0uh5JsBckOXeKrB3Iz7mdQpQ==}
    hasBin: true

  safer-buffer@2.1.2:
    resolution: {integrity: sha512-YZo3K82SD7Riyi0E1EQPojLz7kpepnSQI9IyPbHHg1XXXevb5dJI7tpyN2ADxGcQbHG7vcyRHk0cbwqcQriUtg==}

  shebang-command@2.0.0:
    resolution: {integrity: sha512-kHxr2zZpYtdmrN1qDjrrX/Z1rR1kG8Dx+gkpK1G4eXmvXswmcE1hTWBWYUzlraYw1/yZp6YuDY77YtvbN0dmDA==}
    engines: {node: '>=8'}

  shebang-regex@3.0.0:
    resolution: {integrity: sha512-7++dFhtcx3353uBaq8DDR4NuxBetBzC7ZQOhmTQInHEd6bSrXdiEyzCvG07Z44UYdLShWUyXt5M/yhz8ekcb1A==}
    engines: {node: '>=8'}

  strnum@2.4.2:
    resolution: {integrity: sha512-rDG3Ah4TV0k1hWvLSzkZtMmLN9+eS+h3knq4MP6A42Y3Yh5qGNnOUs1jJkoSr8FG5dsL28c7KgkIBzSEykqtuw==}

  tldts-core@7.4.15:
    resolution: {integrity: sha512-ERuv0p98XgSzmlSLJr8vDNxX+uATGInlN97V3R+JpYWaSqn5IG3ewWgCwczk4bkOpgth/o8Nt5FOi4B4w0n/1A==}

  tldts@7.4.10:
    resolution: {integrity: sha512-GgouD1B+sWwvkaEq8vXC15DjQitxbvs12oIXELpconwm+Tg3zfcEv4jgzq3vtKverDXsg3VI8aRgNL2Nra0Iog==}
    hasBin: true

  tldts@7.4.15:
    resolution: {integrity: sha512-SJVBeHOxDbNoq14CvpAoA2mLEWdbldGK8nR+yumpjY5nrlZxOflcA7p1Qj1gbTGmbu9DY9qLj/bENSWhBzjxRQ==}
    hasBin: true

  tslib@2.8.1:
    resolution: {integrity: sha512-oJFu94HQb+KVduSUQL7wnpmqnfmLsOA/nAh6b6EH0wCEoK0/mPeXU6c3wKDV83MkOuHPRHtSXKKU99IBazS/2w==}

  undici@8.10.0:
    resolution: {integrity: sha512-HvltHd7avK13QIw/oLe4qoOLyoVSoafqJ2jYOrtMRBkbYT31eiBQ8O0ehRKZiEZCMEyLFQNIADpgCWC5fALvYQ==}
    engines: {node: '>=22.19.0'}

  viem@2.56.3:
    resolution: {integrity: sha512-vUObq3GO7D3lz9gPNEE/xd5jIUnMbeVDWewh252o54pDEDlW4pDe6FEd/qTGL5RyK52cGHMM7kQ3wjxhilEvkQ==}
    peerDependencies:
      typescript: '>=5.0.4'
    peerDependenciesMeta:
      typescript:
        optional: true

  which@2.0.2:
    resolution: {integrity: sha512-BLI3Tl1TW3Pvl70l3yq3Y64i+awpwXqsGBYWkkqMtnbXgrMD+yj7rhW0kuEDxzJaYXGjEW5ogapKNMEKNMjibA==}
    engines: {node: '>= 8'}
    hasBin: true

  ws@8.21.0:
    resolution: {integrity: sha512-Vsp28b7DRcimFQvrqu2Wek3z1iYxDCWqHYB8Qsnk/S4RfaCQzPGPyBNuVjJV3cd6UiKtUtp6sNM77gWvzcCH+g==}
    engines: {node: '>=10.0.0'}
    peerDependencies:
      bufferutil: ^4.0.1
      utf-8-validate: '>=5.0.2'
    peerDependenciesMeta:
      bufferutil:
        optional: true
      utf-8-validate:
        optional: true

  xml-naming@0.3.0:
    resolution: {integrity: sha512-ghig2TBE/H11aOVgmahA3MhimvkBr6JIYknH/Dhdk10nXwdbIqBJsbfMxpvFPG8bAw77gN29aQWvKpmVoPlvPQ==}
    engines: {node: '>=16.0.0'}

  zod@3.25.76:
    resolution: {integrity: sha512-gzUt/qt81nXsFGKIFcC3YnfEAx5NkunCfnDlvuBSSFS02bcXu4Lmea0AFIUwbLWxWPx3d9p8S5QoaujKcNQxcQ==}

  zod@4.5.4:
    resolution: {integrity: sha512-sC95tT5iHHH9gtpj6A81kh+NEaRAUFN+qlUPDUbRfOMvNf5QCBqsb3WgvnpVtK5Y+4UfA6KqufotuTvMGiTlsA==}

snapshots:

  '@adraffy/ens-normalize@1.11.1': {}

  '@hapi/address@5.1.1':
    dependencies:
      '@hapi/hoek': 11.0.7

  '@hapi/formula@3.0.2': {}

  '@hapi/hoek@11.0.7': {}

  '@hapi/pinpoint@2.0.1': {}

  '@hapi/tlds@1.1.7': {}

  '@hapi/topo@6.0.2':
    dependencies:
      '@hapi/hoek': 11.0.7

  '@hono/node-server@2.1.1(hono@4.13.9)':
    dependencies:
      hono: 4.13.9

  '@modelcontextprotocol/client@2.0.0':
    dependencies:
      '@modelcontextprotocol/core': 2.0.0
      cross-spawn: 7.0.6
      eventsource: 3.0.7
      eventsource-parser: 3.1.1
      jose: 6.2.12
      pkce-challenge: 5.0.1
      zod: 4.5.4

  '@modelcontextprotocol/core@2.0.0':
    dependencies:
      zod: 4.5.4

  '@modelcontextprotocol/server@2.0.0':
    dependencies:
      '@modelcontextprotocol/core': 2.0.0
      zod: 4.5.4

  '@noble/ciphers@1.3.0': {}

  '@noble/curves@1.9.1':
    dependencies:
      '@noble/hashes': 1.8.0

  '@noble/curves@1.9.7':
    dependencies:
      '@noble/hashes': 1.8.0

  '@noble/hashes@1.8.0': {}

  '@noble/secp256k1@2.3.0': {}

  '@nodable/entities@3.0.0': {}

  '@peculiar/asn1-schema@2.8.0':
    dependencies:
      '@peculiar/utils': 2.0.3
      asn1js: 3.0.10
      tslib: 2.8.1

  '@peculiar/asn1-x509-logotype@2.8.0':
    dependencies:
      '@peculiar/asn1-schema': 2.8.0
      '@peculiar/asn1-x509': 2.8.0
      asn1js: 3.0.10
      tslib: 2.8.1

  '@peculiar/asn1-x509@2.8.0':
    dependencies:
      '@peculiar/asn1-schema': 2.8.0
      '@peculiar/utils': 2.0.3
      asn1js: 3.0.10
      tslib: 2.8.1

  '@peculiar/utils@2.0.3':
    dependencies:
      tslib: 2.8.1

  '@postalsys/vmc@1.1.5':
    dependencies:
      '@peculiar/asn1-schema': 2.8.0
      '@peculiar/asn1-x509': 2.8.0
      '@peculiar/asn1-x509-logotype': 2.8.0

  '@scure/base@1.2.6': {}

  '@scure/bip32@1.7.0':
    dependencies:
      '@noble/curves': 1.9.1
      '@noble/hashes': 1.8.0
      '@scure/base': 1.2.6

  '@scure/bip39@1.6.0':
    dependencies:
      '@noble/hashes': 1.8.0
      '@scure/base': 1.2.6

  '@standard-schema/spec@1.1.0': {}

  '@worldcoin/agentkit-core@0.2.1':
    dependencies:
      '@noble/curves': 1.9.7
      '@scure/base': 1.2.6
      viem: 2.56.3(zod@3.25.76)
      zod: 3.25.76
    transitivePeerDependencies:
      - bufferutil
      - typescript
      - utf-8-validate

  '@worldcoin/idkit-core@4.3.0':
    dependencies:
      '@noble/hashes': 1.8.0
      '@worldcoin/idkit-server': 1.1.1

  '@worldcoin/idkit-server@1.1.1':
    dependencies:
      '@noble/hashes': 1.8.0
      '@noble/secp256k1': 2.3.0

  abitype@1.2.3(zod@3.25.76):
    optionalDependencies:
      zod: 3.25.76

  abitype@1.2.3(zod@4.5.4):
    optionalDependencies:
      zod: 4.5.4

  anynum@1.0.1: {}

  asn1js@3.0.10:
    dependencies:
      pvtsutils: 1.3.6
      pvutils: 1.2.0
      tslib: 2.8.1

  cloudflared@0.7.3: {}

  commander@15.0.0: {}

  cross-spawn@7.0.6:
    dependencies:
      path-key: 3.1.1
      shebang-command: 2.0.0
      which: 2.0.2

  dom-serializer@3.1.1:
    dependencies:
      domelementtype: 3.0.0
      domhandler: 6.0.1
      entities: 8.1.0

  domelementtype@3.0.0: {}

  domhandler@6.0.1:
    dependencies:
      domelementtype: 3.0.0

  domutils@4.0.2:
    dependencies:
      dom-serializer: 3.1.1
      domelementtype: 3.0.0
      domhandler: 6.0.1

  encoding-japanese@2.2.0: {}

  entities@8.1.0: {}

  eventemitter3@5.0.1: {}

  eventsource-parser@3.1.1: {}

  eventsource@3.0.7:
    dependencies:
      eventsource-parser: 3.1.1

  fast-xml-builder@1.3.1:
    dependencies:
      path-expression-matcher: 1.6.2
      xml-naming: 0.3.0

  fast-xml-parser@5.10.1:
    dependencies:
      '@nodable/entities': 3.0.0
      fast-xml-builder: 1.3.1
      is-unsafe: 2.0.2
      path-expression-matcher: 1.6.2
      strnum: 2.4.2
      xml-naming: 0.3.0

  hono@4.13.9: {}

  hors-sdk@0.1.0(@modelcontextprotocol/client@2.0.0)(@modelcontextprotocol/server@2.0.0)(@worldcoin/agentkit-core@0.2.1)(viem@2.56.3(zod@4.5.4)):
    dependencies:
      '@worldcoin/agentkit-core': 0.2.1
      viem: 2.56.3(zod@4.5.4)
    optionalDependencies:
      '@modelcontextprotocol/client': 2.0.0
      '@modelcontextprotocol/server': 2.0.0

  htmlparser2@12.0.0:
    dependencies:
      domelementtype: 3.0.0
      domhandler: 6.0.1
      domutils: 4.0.2
      entities: 8.1.0

  iconv-lite@0.7.3:
    dependencies:
      safer-buffer: 2.1.2

  ipaddr.js@2.5.0: {}

  is-unsafe@2.0.2: {}

  isexe@2.0.0: {}

  isows@1.0.7(ws@8.21.0):
    dependencies:
      ws: 8.21.0

  joi@18.2.3:
    dependencies:
      '@hapi/address': 5.1.1
      '@hapi/formula': 3.0.2
      '@hapi/hoek': 11.0.7
      '@hapi/pinpoint': 2.0.1
      '@hapi/tlds': 1.1.7
      '@hapi/topo': 6.0.2
      '@standard-schema/spec': 1.1.0

  jose@6.2.12: {}

  libbase64@1.3.0: {}

  libmime@5.4.1:
    dependencies:
      encoding-japanese: 2.2.0
      iconv-lite: 0.7.3
      libbase64: 1.3.0
      libqp: 2.1.1

  libqp@2.1.1: {}

  mailauth@5.0.3:
    dependencies:
      '@postalsys/vmc': 1.1.5
      commander: 15.0.0
      fast-xml-parser: 5.10.1
      ipaddr.js: 2.5.0
      joi: 18.2.3
      libmime: 5.4.1
      nodemailer: 9.0.4
      punycode.js: 2.3.1
      tldts: 7.4.10
      undici: 8.10.0

  nodemailer@9.0.4: {}

  ox@0.14.44(zod@3.25.76):
    dependencies:
      '@adraffy/ens-normalize': 1.11.1
      '@noble/ciphers': 1.3.0
      '@noble/curves': 1.9.1
      '@noble/hashes': 1.8.0
      '@scure/bip32': 1.7.0
      '@scure/bip39': 1.6.0
      abitype: 1.2.3(zod@3.25.76)
      eventemitter3: 5.0.1
    transitivePeerDependencies:
      - zod

  ox@0.14.44(zod@4.5.4):
    dependencies:
      '@adraffy/ens-normalize': 1.11.1
      '@noble/ciphers': 1.3.0
      '@noble/curves': 1.9.1
      '@noble/hashes': 1.8.0
      '@scure/bip32': 1.7.0
      '@scure/bip39': 1.6.0
      abitype: 1.2.3(zod@4.5.4)
      eventemitter3: 5.0.1
    transitivePeerDependencies:
      - zod

  path-expression-matcher@1.6.2: {}

  path-key@3.1.1: {}

  pkce-challenge@5.0.1: {}

  postal-mime@3.0.1: {}

  punycode.js@2.3.1: {}

  pvtsutils@1.3.6:
    dependencies:
      tslib: 2.8.1

  pvutils@1.2.0: {}

  qrcode-terminal@0.12.0: {}

  safer-buffer@2.1.2: {}

  shebang-command@2.0.0:
    dependencies:
      shebang-regex: 3.0.0

  shebang-regex@3.0.0: {}

  strnum@2.4.2:
    dependencies:
      anynum: 1.0.1

  tldts-core@7.4.15: {}

  tldts@7.4.10:
    dependencies:
      tldts-core: 7.4.15

  tldts@7.4.15:
    dependencies:
      tldts-core: 7.4.15

  tslib@2.8.1: {}

  undici@8.10.0: {}

  viem@2.56.3(zod@3.25.76):
    dependencies:
      '@noble/curves': 1.9.1
      '@noble/hashes': 1.8.0
      '@scure/bip32': 1.7.0
      '@scure/bip39': 1.6.0
      abitype: 1.2.3(zod@3.25.76)
      isows: 1.0.7(ws@8.21.0)
      ox: 0.14.44(zod@3.25.76)
      ws: 8.21.0
    transitivePeerDependencies:
      - bufferutil
      - utf-8-validate
      - zod

  viem@2.56.3(zod@4.5.4):
    dependencies:
      '@noble/curves': 1.9.1
      '@noble/hashes': 1.8.0
      '@scure/bip32': 1.7.0
      '@scure/bip39': 1.6.0
      abitype: 1.2.3(zod@4.5.4)
      isows: 1.0.7(ws@8.21.0)
      ox: 0.14.44(zod@4.5.4)
      ws: 8.21.0
    transitivePeerDependencies:
      - bufferutil
      - utf-8-validate
      - zod

  which@2.0.2:
    dependencies:
      isexe: 2.0.0

  ws@8.21.0: {}

  xml-naming@0.3.0: {}

  zod@3.25.76: {}

  zod@4.5.4: {}
